// !$*UTF8*$!
{
	archiveVersion = 1;
	classes = {
	};
	objectVersion = 46;
	objects = {

/* Begin PBXBuildFile section */
		607E45481EBD4448007D468F /* AppDelegate.swift in Sources */ = {isa = PBXBuildFile; fileRef = 607E45471EBD4448007D468F /* AppDelegate.swift */; };
		607E454A1EBD4448007D468F /* ViewController.swift in Sources */ = {isa = PBXBuildFile; fileRef = 607E45491EBD4448007D468F /* ViewController.swift */; };
		607E454D1EBD4448007D468F /* Main.storyboard in Resources */ = {isa = PBXBuildFile; fileRef = 607E454B1EBD4448007D468F /* Main.storyboard */; };
		607E454F1EBD4448007D468F /* Assets.xcassets in Resources */ = {isa = PBXBuildFile; fileRef = 607E454E1EBD4448007D468F /* Assets.xcassets */; };
		607E45521EBD4449007D468F /* LaunchScreen.storyboard in Resources */ = {isa = PBXBuildFile; fileRef = 607E45501EBD4449007D468F /* LaunchScreen.storyboard */; };
/* End PBXBuildFile section */

/* Begin PBXFileReference section */
		607E45441EBD4448007D468F /* favorite-movies-app.app */ = {isa = PBXFileReference; explicitFileType = wrapper.application; includeInIndex = 0; path = "favorite-movies-app.app"; sourceTree = BUILT_PRODUCTS_DIR; };
		607E45471EBD4448007D468F /* AppDelegate.swift */ = {isa = PBXFileReference; lastKnownFileType = sourcecode.swift; path = AppDelegate.swift; sourceTree = "<group>"; };
		607E45491EBD4448007D468F /* ViewController.swift */ = {isa = PBXFileReference; lastKnownFileType = sourcecode.swift; path = ViewController.swift; sourceTree = "<group>"; };
		607E454C1EBD4448007D468F /* Base */ = {isa = PBXFileReference; lastKnownFileType = file.storyboard; name = Base; path = Base.lproj/Main.storyboard; sourceTree = "<group>"; };
		607E454E1EBD4448007D468F /* Assets.xcassets */ = {isa = PBXFileReference; lastKnownFileType = folder.assetcatalog; path = Assets.xcassets; sourceTree = "<group>"; };
		607E45511EBD4449007D468F /* Base */ = {isa = PBXFileReference; lastKnownFileType = file.storyboard; name = Base; path = Base.lproj/LaunchScreen.storyboard; sourceTree = "<group>"; };
		607E45531EBD4449007D468F /* Info.plist */ = {isa = PBXFileReference; lastKnownFileType = text.plist.xml; path = Info.plist; sourceTree = "<group>"; };
/* End PBXFileReference section */

/* Begin PBXFrameworksBuildPhase section */
		607E45411EBD4448007D468F /* Frameworks */ = {
			isa = PBXFrameworksBuildPhase;
			buildActionMask = 2147483647;
			files = (
			);
			runOnlyForDeploymentPostprocessing = 0;
		};
/* End PBXFrameworksBuildPhase section */

/* Begin PBXGroup section */
		607E453B1EBD4448007D468F = {
			isa = PBXGroup;
			children = (
				607E45461EBD4448007D468F /* favorite-movies-app */,
				607E45451EBD4448007D468F /* Products */,
			);
			sourceTree = "<group>";
		};
		607E45451EBD4448007D468F /* Products */ = {
			isa = PBXGroup;
			children = (
				607E45441EBD4448007D468F /* favorite-movies-app.app */,
			);
			name = Products;
			sourceTree = "<group>";
		};
		607E45461EBD4448007D468F /* favorite-movies-app */ = {
			isa = PBXGroup;
			children = (
				607E45471EBD4448007D468F /* AppDelegate.swift */,
				607E45491EBD4448007D468F /* ViewController.swift */,
				607E454B1EBD4448007D468F /* Main.storyboard */,
				607E454E1EBD4448007D468F /* Assets.xcassets */,
				607E45501EBD4449007D468F /* LaunchScreen.storyboard */,
				607E45531EBD4449007D468F /* Info.plist */,
			);
			path = "favorite-movies-app";
			sourceTree = "<group>";
		};
/* End PBXGroup section */

/* Begin PBXNativeTarget section */
		607E45431EBD4448007D468F /* favorite-movies-app */ = {
			isa = PBXNativeTarget;
			buildConfigurationList = 607E45561EBD4449007D468F /* Build configuration list for PBXNativeTarget "favorite-movies-app" */;
			buildPhases = (
				607E45401EBD4448007D468F /* Sources */,
				607E45411EBD4448007D468F /* Frameworks */,
				607E45421EBD4448007D468F /* Resources */,
			);
			buildRules = (
			);
			dependencies = (
			);
			name = "favorite-movies-app";
			productName = "favorite-movies-app";
			productReference = 607E45441EBD4448007D468F /* favorite-movies-app.app */;
			productType = "com.apple.product-type.application";
		};
/* End PBXNativeTarget section */

/* Begin PBXProject section */
		607E453C1EBD4448007D468F /* Project object */ = {
			isa = PBXProject;
			attributes = {
				LastSwiftUpdateCheck = 0720;
				LastUpgradeCheck = 0720;
				ORGANIZATIONNAME = "Ben Duke";
				TargetAttributes = {
					607E45431EBD4448007D468F = {
						CreatedOnToolsVersion = 7.2.1;
					};
				};
			};
			buildConfigurationList = 607E453F1EBD4448007D468F /* Build configuration list for PBXProject "favorite-movies-app" */;
			compatibilityVersion = "Xcode 3.2";
			developmentRegion = English;
			hasScannedForEncodings = 0;
			knownRegions = (
				en,
				Base,
			);
			mainGroup = 607E453B1EBD4448007D468F;
			productRefGroup = 607E45451EBD4448007D468F /* Products */;
			projectDirPath = "";
			projectRoot = "";
			targets = (
				607E45431EBD4448007D468F /* favorite-movies-app */,
			);
		};
/* End PBXProject section */

/* Begin PBXResourcesBuildPhase section */
		607E45421EBD4448007D468F /* Resources */ = {
			isa = PBXResourcesBuildPhase;
			buildActionMask = 2147483647;
			files = (
				607E45521EBD4449007D468F /* LaunchScreen.storyboard in Resources */,
				607E454F1EBD4448007D468F /* Assets.xcassets in Resources */,
				607E454D1EBD4448007D468F /* Main.storyboard in Resources */,
			);
			runOnlyForDeploymentPostprocessing = 0;
		};
/* End PBXResourcesBuildPhase section */

/* Begin PBXSourcesBuildPhase section */
		607E45401EBD4448007D468F /* Sources */ = {
			isa = PBXSourcesBuildPhase;
			buildActionMask = 2147483647;
			files = (
				607E454A1EBD4448007D468F /* ViewController.swift in Sources */,
				607E45481EBD4448007D468F /* AppDelegate.swift in Sources */,
			);
			runOnlyForDeploymentPostprocessing = 0;
		};
/* End PBXSourcesBuildPhase section */

/* Begin PBXVariantGroup section */
		607E454B1EBD4448007D468F /* Main.storyboard */ = {
			isa = PBXVariantGroup;
			children = (
				607E454C1EBD4448007D468F /* Base */,
			);
			name = Main.storyboard;
			sourceTree = "<group>";
		};
		607E45501EBD4449007D468F /* LaunchScreen.storyboard */ = {
			isa = PBXVariantGroup;
			children = (
				607E45511EBD4449007D468F /* Base */,
			);
			name = LaunchScreen.storyboard;
			sourceTree = "<group>";
		};
/* End PBXVariantGroup section */

/* Begin XCBuildConfiguration section */
		607E45541EBD4449007D468F /* Debug */ = {
			isa = XCBuildConfiguration;
			buildSettings = {
				ALWAYS_SEARCH_USER_PATHS = NO;
				CLANG_CXX_LANGUAGE_STANDARD = "gnu++0x";
				CLANG_CXX_LIBRARY = "libc++";
				CLANG_ENABLE_MODULES = YES;
				CLANG_ENABLE_OBJC_ARC = YES;
				CLANG_WARN_BOOL_CONVERSION = YES;
				CLANG_WARN_CONSTANT_CONVERSION = YES;
				CLANG_WARN_DIRECT_OBJC_ISA_USAGE = YES_ERROR;
				CLANG_WARN_EMPTY_BODY = YES;
				CLANG_WARN_ENUM_CONVERSION = YES;
				CLANG_WARN_INT_CONVERSION = YES;
				CLANG_WARN_OBJC_ROOT_CLASS = YES_ERROR;
				CLANG_WARN_UNREACHABLE_CODE = YES;
				CLANG_WARN__DUPLICATE_METHOD_MATCH = YES;
				"CODE_SIGN_IDENTITY[sdk=iphoneos*]" = "iPhone Developer";
				COPY_PHASE_STRIP = NO;
				DEBUG_INFORMATION_FORMAT = dwarf;
				ENABLE_STRICT_OBJC_MSGSEND = YES;
				ENABLE_TESTABILITY = YES;
				GCC_C_LANGUAGE_STANDARD = gnu99;
				GCC_DYNAMIC_NO_PIC = NO;
				GCC_NO_COMMON_BLOCKS = YES;
				GCC_OPTIMIZATION_LEVEL = 0;
				GCC_PREPROCESSOR_DEFINITIONS = (
					"DEBUG=1",
					"$(inherited)",
				);
				GCC_WARN_64_TO_32_BIT_CONVERSION = YES;
				GCC_WARN_ABOUT_RETURN_TYPE = YES_ERROR;
				GCC_WARN_UNDECLARED_SELECTOR = YES;
				GCC_WARN_UNINITIALIZED_AUTOS = YES_AGGRESSIVE;
				GCC_WARN_UNUSED_FUNCTION = YES;
				GCC_WARN_UNUSED_VARIABLE = YES;
				IPHONEOS_DEPLOYMENT_TARGET = 9.2;
				MTL_ENABLE_DEBUG_INFO = YES;
				ONLY_ACTIVE_ARCH = YES;
				SDKROOT = iphoneos;
				SWIFT_OPTIMIZATION_LEVEL = "-Onone";
			};
			name = Debug;
		};
		607E45551EBD4449007D468F /* Release */ = {
			isa = XCBuildConfiguration;
			buildSettings = {
				ALWAYS_SEARCH_USER_PATHS = NO;
				CLANG_CXX_LANGUAGE_STANDARD = "gnu++0x";
				CLANG_CXX_LIBRARY = "libc++";
				CLANG_ENABLE_MODULES = YES;
				CLANG_ENABLE_OBJC_ARC = YES;
				CLANG_WARN_BOOL_CONVERSION = YES;
				CLANG_WARN_CONSTANT_CONVERSION = YES;
				CLANG_WARN_DIRECT_OBJC_ISA_USAGE = YES_ERROR;
				CLANG_WARN_EMPTY_BODY = YES;
				CLANG_WARN_ENUM_CONVERSION = YES;
				CLANG_WARN_INT_CONVERSION = YES;
				CLANG_WARN_OBJC_ROOT_CLASS = YES_ERROR;
				CLANG_WARN_UNREACHABLE_CODE = YES;
				CLANG_WARN__DUPLICATE_METHOD_MATCH = YES;
				"CODE_SIGN_IDENTITY[sdk=iphoneos*]" = "iPhone Developer";
				COPY_PHASE_STRIP = NO;
				DEBUG_INFORMATION_FORMAT = "dwarf-with-dsym";
				ENABLE_NS_ASSERTIONS = NO;
				ENABLE_STRICT_OBJC_MSGSEND = YES;
				GCC_C_LANGUAGE_STANDARD = gnu99;
				GCC_NO_COMMON_BLOCKS = YES;
				GCC_WARN_64_TO_32_BIT_CONVERSION = YES;
				GCC_WARN_ABOUT_RETURN_TYPE = YES_ERROR;
				GCC_WARN_UNDECLARED_SELECTOR = YES;
				GCC_WARN_UNINITIALIZED_AUTOS = YES_AGGRESSIVE;
				GCC_WARN_UNUSED_FUNCTION = YES;
				GCC_WARN_UNUSED_VARIABLE = YES;
				IPHONEOS_DEPLOYMENT_TARGET = 9.2;
				MTL_ENABLE_DEBUG_INFO = NO;
				SDKROOT = iphoneos;
				VALIDATE_PRODUCT = YES;
			};
			name = Release;
		};
		607E45571EBD4449007D468F /* Debug */ = {
			isa = XCBuildConfiguration;
			buildSettings = {
				ASSETCATALOG_COMPILER_APPICON_NAME = AppIcon;
				INFOPLIST_FILE = "favorite-movies-app/Info.plist";
				LD_RUNPATH_SEARCH_PATHS = "$(inherited) @executable_path/Frameworks";
				PRODUCT_BUNDLE_IDENTIFIER = "com.favorite-movies-app";
				PRODUCT_NAME = "$(TARGET_NAME)";
			};
			name = Debug;
		};
		607E45581EBD4449007D468F /* Release */ = {
			isa = XCBuildConfiguration;
			buildSettings = {
				ASSETCATALOG_COMPILER_APPICON_NAME = AppIcon;
				INFOPLIST_FILE = "favorite-movies-app/Info.plist";
				LD_RUNPATH_SEARCH_PATHS = "$(inherited) @executable_path/Frameworks";
				PRODUCT_BUNDLE_IDENTIFIER = "com.favorite-movies-app";
				PRODUCT_NAME = "$(TARGET_NAME)";
			};
			name = Release;
		};
/* End XCBuildConfiguration section */

/* Begin XCConfigurationList section */
		607E453F1EBD4448007D468F /* Build configuration list for PBXProject "favorite-movies-app" */ = {
			isa = XCConfigurationList;
			buildConfigurations = (
				607E45541EBD4449007D468F /* Debug */,
				607E45551EBD4449007D468F /* Release */,
			);
			defaultConfigurationIsVisible = 0;
			defaultConfigurationName = Release;
		};
		607E45561EBD4449007D468F /* Build configuration list for PBXNativeTarget "favorite-movies-app" */ = {
			isa = XCConfigurationList;
			buildConfigurations = (
				607E45571EBD4449007D468F /* Debug */,
				607E45581EBD4449007D468F /* Release */,
			);
			defaultConfigurationIsVisible = 0;
		};
/* End XCConfigurationList section */
	};
	rootObject = 607E453C1EBD4448007D468F /* Project object */;
}
